
Microsoft Visual Studio Solution File, Format Version 12.00
# Visual Studio Version 17
VisualStudioVersion = 17.3.32929.385
MinimumVisualStudioVersion = 10.0.40219.1
Project("{FAE04EC0-301F-11D3-BF4B-00C04F79EFBC}") = "Media Player", "Media Player\Media Player.csproj", "{CC4AE0BE-7F7E-4ED4-8E1B-6DD799012CFE}"
EndProject
Global
	GlobalSection(SolutionConfigurationPlatforms) = preSolution
		Debug|Any CPU = Debug|Any CPU
		Release|Any CPU = Release|Any CPU
	EndGlobalSection
	GlobalSection(ProjectConfigurationPlatforms) = postSolution
		{CC4AE0BE-7F7E-4ED4-8E1B-6DD799012CFE}.Debug|Any CPU.ActiveCfg = Debug|Any CPU
		{CC4AE0BE-7F7E-4ED4-8E1B-6DD799012CFE}.Debug|Any CPU.Build.0 = Debug|Any CPU
		{CC4AE0BE-7F7E-4ED4-8E1B-6DD799012CFE}.Release|Any CPU.ActiveCfg = Release|Any CPU
		{CC4AE0BE-7F7E-4ED4-8E1B-6DD799012CFE}.Release|Any CPU.Build.0 = Release|Any CPU
	EndGlobalSection
	GlobalSection(SolutionProperties) = preSolution
		HideSolutionNode = FALSE
	EndGlobalSection
	GlobalSection(ExtensibilityGlobals) = postSolution
		SolutionGuid = {834A33C0-A468-4369-8053-17B5CE71FF89}
	EndGlobalSection
EndGlobal
